Microsoft Visual Studio Solution File, Format Version 12.00
# Visual Studio Version 17
VisualStudioVersion = 17.5.2.0
MinimumVisualStudioVersion = 10.0.40219.1
Project("{FAE04EC0-301F-11D3-BF4B-00C04F79EFBC}") = "APE2", "APE2.csproj", "{1A53DDAD-603A-523A-F9F1-FF4026D3DABA}"
EndProject
Global
	GlobalSection(SolutionConfigurationPlatforms) = preSolution
		Debug|Any CPU = Debug|Any CPU
		Release|Any CPU = Release|Any CPU
	EndGlobalSection
	GlobalSection(ProjectConfigurationPlatforms) = postSolution
		{1A53DDAD-603A-523A-F9F1-FF4026D3DABA}.Debug|Any CPU.ActiveCfg = Debug|Any CPU
		{1A53DDAD-603A-523A-F9F1-FF4026D3DABA}.Debug|Any CPU.Build.0 = Debug|Any CPU
		{1A53DDAD-603A-523A-F9F1-FF4026D3DABA}.Release|Any CPU.ActiveCfg = Release|Any CPU
		{1A53DDAD-603A-523A-F9F1-FF4026D3DABA}.Release|Any CPU.Build.0 = Release|Any CPU
	EndGlobalSection
	GlobalSection(SolutionProperties) = preSolution
		HideSolutionNode = FALSE
	EndGlobalSection
	GlobalSection(ExtensibilityGlobals) = postSolution
		SolutionGuid = {88F4E935-0D03-43A9-A94F-EA640F529A11}
	EndGlobalSection
EndGlobal
