Microsoft Visual Studio Solution File, Format Version 12.00
# Visual Studio Version 17
VisualStudioVersion = 17.5.2.0
MinimumVisualStudioVersion = 10.0.40219.1
Project("{FAE04EC0-301F-11D3-BF4B-00C04F79EFBC}") = "TareaSemana10", "TareaSemana10.csproj", "{6320276E-B89E-BE34-6156-F7AA2B4CC34E}"
EndProject
Global
	GlobalSection(SolutionConfigurationPlatforms) = preSolution
		Debug|Any CPU = Debug|Any CPU
		Release|Any CPU = Release|Any CPU
	EndGlobalSection
	GlobalSection(ProjectConfigurationPlatforms) = postSolution
		{6320276E-B89E-BE34-6156-F7AA2B4CC34E}.Debug|Any CPU.ActiveCfg = Debug|Any CPU
		{6320276E-B89E-BE34-6156-F7AA2B4CC34E}.Debug|Any CPU.Build.0 = Debug|Any CPU
		{6320276E-B89E-BE34-6156-F7AA2B4CC34E}.Release|Any CPU.ActiveCfg = Release|Any CPU
		{6320276E-B89E-BE34-6156-F7AA2B4CC34E}.Release|Any CPU.Build.0 = Release|Any CPU
	EndGlobalSection
	GlobalSection(SolutionProperties) = preSolution
		HideSolutionNode = FALSE
	EndGlobalSection
	GlobalSection(ExtensibilityGlobals) = postSolution
		SolutionGuid = {C8710BA2-19DC-44AF-A463-0FBD1AEC547A}
	EndGlobalSection
EndGlobal
