Microsoft Visual Studio Solution File, Format Version 12.00
# Visual Studio Version 17
VisualStudioVersion = 17.5.2.0
MinimumVisualStudioVersion = 10.0.40219.1
Project("{FAE04EC0-301F-11D3-BF4B-00C04F79EFBC}") = "APE4", "APE4.csproj", "{D45A15B1-CB3E-2684-302F-CE00A411A404}"
EndProject
Global
	GlobalSection(SolutionConfigurationPlatforms) = preSolution
		Debug|Any CPU = Debug|Any CPU
		Release|Any CPU = Release|Any CPU
	EndGlobalSection
	GlobalSection(ProjectConfigurationPlatforms) = postSolution
		{D45A15B1-CB3E-2684-302F-CE00A411A404}.Debug|Any CPU.ActiveCfg = Debug|Any CPU
		{D45A15B1-CB3E-2684-302F-CE00A411A404}.Debug|Any CPU.Build.0 = Debug|Any CPU
		{D45A15B1-CB3E-2684-302F-CE00A411A404}.Release|Any CPU.ActiveCfg = Release|Any CPU
		{D45A15B1-CB3E-2684-302F-CE00A411A404}.Release|Any CPU.Build.0 = Release|Any CPU
	EndGlobalSection
	GlobalSection(SolutionProperties) = preSolution
		HideSolutionNode = FALSE
	EndGlobalSection
	GlobalSection(ExtensibilityGlobals) = postSolution
		SolutionGuid = {F56303EA-AC12-49DD-8A41-D50EE01C1C96}
	EndGlobalSection
EndGlobal
